// !$*UTF8*$!
{
	archiveVersion = 1;
	classes = {
	};
	objectVersion = 51;
	objects = {

/* Begin PBXBuildFile section */
		8128099223078E560065A2E4 /* CategoryViewController.swift in Sources */ = {isa = PBXBuildFile; fileRef = 8128099123078E560065A2E4 /* CategoryViewController.swift */; };
		813C85BE2314AEB500D6ADD9 /* Category.swift in Sources */ = {isa = PBXBuildFile; fileRef = 813C85BD2314AEB500D6ADD9 /* Category.swift */; };
		813C85C02314AEC000D6ADD9 /* Item.swift in Sources */ = {isa = PBXBuildFile; fileRef = 813C85BF2314AEC000D6ADD9 /* Item.swift */; };
		816D937F2300FADD00F04051 /* AppDelegate.swift in Sources */ = {isa = PBXBuildFile; fileRef = 816D937E2300FADD00F04051 /* AppDelegate.swift */; };
		816D93812300FADD00F04051 /* ListzViewController.swift in Sources */ = {isa = PBXBuildFile; fileRef = 816D93802300FADD00F04051 /* ListzViewController.swift */; };
		816D93842300FADD00F04051 /* Main.storyboard in Resources */ = {isa = PBXBuildFile; fileRef = 816D93822300FADD00F04051 /* Main.storyboard */; };
		816D93862300FADD00F04051 /* Assets.xcassets in Resources */ = {isa = PBXBuildFile; fileRef = 816D93852300FADD00F04051 /* Assets.xcassets */; };
		816D93892300FADD00F04051 /* LaunchScreen.storyboard in Resources */ = {isa = PBXBuildFile; fileRef = 816D93872300FADD00F04051 /* LaunchScreen.storyboard */; };
		F589C4D1CF478E3A087A2921 /* Pods_Listz.framework in Frameworks */ = {isa = PBXBuildFile; fileRef = 01E86FB238BCCD399569F96F /* Pods_Listz.framework */; };
/* End PBXBuildFile section */

/* Begin PBXFileReference section */
		01E86FB238BCCD399569F96F /* Pods_Listz.framework */ = {isa = PBXFileReference; explicitFileType = wrapper.framework; includeInIndex = 0; path = Pods_Listz.framework; sourceTree = BUILT_PRODUCTS_DIR; };
		671500F6E83BFEF2774FABA6 /* Pods-Listz.debug.xcconfig */ = {isa = PBXFileReference; includeInIndex = 1; lastKnownFileType = text.xcconfig; name = "Pods-Listz.debug.xcconfig"; path = "Target Support Files/Pods-Listz/Pods-Listz.debug.xcconfig"; sourceTree = "<group>"; };
		8128099123078E560065A2E4 /* CategoryViewController.swift */ = {isa = PBXFileReference; lastKnownFileType = sourcecode.swift; path = CategoryViewController.swift; sourceTree = "<group>"; };
		813C85BD2314AEB500D6ADD9 /* Category.swift */ = {isa = PBXFileReference; lastKnownFileType = sourcecode.swift; path = Category.swift; sourceTree = "<group>"; };
		813C85BF2314AEC000D6ADD9 /* Item.swift */ = {isa = PBXFileReference; lastKnownFileType = sourcecode.swift; path = Item.swift; sourceTree = "<group>"; };
		816D937B2300FADD00F04051 /* Listz.app */ = {isa = PBXFileReference; explicitFileType = wrapper.application; includeInIndex = 0; path = Listz.app; sourceTree = BUILT_PRODUCTS_DIR; };
		816D937E2300FADD00F04051 /* AppDelegate.swift */ = {isa = PBXFileReference; lastKnownFileType = sourcecode.swift; path = AppDelegate.swift; sourceTree = "<group>"; };
		816D93802300FADD00F04051 /* ListzViewController.swift */ = {isa = PBXFileReference; lastKnownFileType = sourcecode.swift; path = ListzViewController.swift; sourceTree = "<group>"; };
		816D93832300FADD00F04051 /* Base */ = {isa = PBXFileReference; lastKnownFileType = file.storyboard; name = Base; path = Base.lproj/Main.storyboard; sourceTree = "<group>"; };
		816D93852300FADD00F04051 /* Assets.xcassets */ = {isa = PBXFileReference; lastKnownFileType = folder.assetcatalog; path = Assets.xcassets; sourceTree = "<group>"; };
		816D93882300FADD00F04051 /* Base */ = {isa = PBXFileReference; lastKnownFileType = file.storyboard; name = Base; path = Base.lproj/LaunchScreen.storyboard; sourceTree = "<group>"; };
		816D938A2300FADD00F04051 /* Info.plist */ = {isa = PBXFileReference; lastKnownFileType = text.plist.xml; path = Info.plist; sourceTree = "<group>"; };
		B3FAC3C3C6C884A437FB7B1D /* Pods-Listz.release.xcconfig */ = {isa = PBXFileReference; includeInIndex = 1; lastKnownFileType = text.xcconfig; name = "Pods-Listz.release.xcconfig"; path = "Target Support Files/Pods-Listz/Pods-Listz.release.xcconfig"; sourceTree = "<group>"; };
/* End PBXFileReference section */

/* Begin PBXFrameworksBuildPhase section */
		816D93782300FADD00F04051 /* Frameworks */ = {
			isa = PBXFrameworksBuildPhase;
			buildActionMask = 2147483647;
			files = (
				F589C4D1CF478E3A087A2921 /* Pods_Listz.framework in Frameworks */,
			);
			runOnlyForDeploymentPostprocessing = 0;
		};
/* End PBXFrameworksBuildPhase section */

/* Begin PBXGroup section */
		4247A3C5339FA08993F0DAD0 /* Pods */ = {
			isa = PBXGroup;
			children = (
				671500F6E83BFEF2774FABA6 /* Pods-Listz.debug.xcconfig */,
				B3FAC3C3C6C884A437FB7B1D /* Pods-Listz.release.xcconfig */,
			);
			path = Pods;
			sourceTree = "<group>";
		};
		816D93722300FADD00F04051 = {
			isa = PBXGroup;
			children = (
				816D937D2300FADD00F04051 /* Listz */,
				816D937C2300FADD00F04051 /* Products */,
				4247A3C5339FA08993F0DAD0 /* Pods */,
				C345C74B65A60FE63ED94425 /* Frameworks */,
			);
			sourceTree = "<group>";
		};
		816D937C2300FADD00F04051 /* Products */ = {
			isa = PBXGroup;
			children = (
				816D937B2300FADD00F04051 /* Listz.app */,
			);
			name = Products;
			sourceTree = "<group>";
		};
		816D937D2300FADD00F04051 /* Listz */ = {
			isa = PBXGroup;
			children = (
				8188BD752301E25300EAA201 /* Controllers */,
				8188BD742301E23800EAA201 /* Data Models */,
				8188BD762301E28300EAA201 /* Views */,
				8188BD772301E2C200EAA201 /* Supporting Files */,
				816D938A2300FADD00F04051 /* Info.plist */,
			);
			path = Listz;
			sourceTree = "<group>";
		};
		8188BD742301E23800EAA201 /* Data Models */ = {
			isa = PBXGroup;
			children = (
				813C85BD2314AEB500D6ADD9 /* Category.swift */,
				813C85BF2314AEC000D6ADD9 /* Item.swift */,
			);
			path = "Data Models";
			sourceTree = "<group>";
		};
		8188BD752301E25300EAA201 /* Controllers */ = {
			isa = PBXGroup;
			children = (
				8128099123078E560065A2E4 /* CategoryViewController.swift */,
				816D93802300FADD00F04051 /* ListzViewController.swift */,
				816D937E2300FADD00F04051 /* AppDelegate.swift */,
			);
			path = Controllers;
			sourceTree = "<group>";
		};
		8188BD762301E28300EAA201 /* Views */ = {
			isa = PBXGroup;
			children = (
				816D93822300FADD00F04051 /* Main.storyboard */,
			);
			path = Views;
			sourceTree = "<group>";
		};
		8188BD772301E2C200EAA201 /* Supporting Files */ = {
			isa = PBXGroup;
			children = (
				816D93852300FADD00F04051 /* Assets.xcassets */,
				816D93872300FADD00F04051 /* LaunchScreen.storyboard */,
			);
			path = "Supporting Files";
			sourceTree = "<group>";
		};
		C345C74B65A60FE63ED94425 /* Frameworks */ = {
			isa = PBXGroup;
			children = (
				01E86FB238BCCD399569F96F /* Pods_Listz.framework */,
			);
			name = Frameworks;
			sourceTree = "<group>";
		};
/* End PBXGroup section */

/* Begin PBXNativeTarget section */
		816D937A2300FADD00F04051 /* Listz */ = {
			isa = PBXNativeTarget;
			buildConfigurationList = 816D938D2300FADD00F04051 /* Build configuration list for PBXNativeTarget "Listz" */;
			buildPhases = (
				B77FC7247B814763EBB9E4EC /* [CP] Check Pods Manifest.lock */,
				816D93772300FADD00F04051 /* Sources */,
				816D93782300FADD00F04051 /* Frameworks */,
				816D93792300FADD00F04051 /* Resources */,
				9D8A7EC6C170ADE9804CC37F /* [CP] Embed Pods Frameworks */,
			);
			buildRules = (
			);
			dependencies = (
			);
			name = Listz;
			productName = Listz;
			productReference = 816D937B2300FADD00F04051 /* Listz.app */;
			productType = "com.apple.product-type.application";
		};
/* End PBXNativeTarget section */

/* Begin PBXProject section */
		816D93732300FADD00F04051 /* Project object */ = {
			isa = PBXProject;
			attributes = {
				LastSwiftUpdateCheck = 1030;
				LastUpgradeCheck = 1030;
				ORGANIZATIONNAME = "Rajarshi Rahut";
				TargetAttributes = {
					816D937A2300FADD00F04051 = {
						CreatedOnToolsVersion = 10.3;
					};
				};
			};
			buildConfigurationList = 816D93762300FADD00F04051 /* Build configuration list for PBXProject "Listz" */;
			compatibilityVersion = "Xcode 9.3";
			developmentRegion = en;
			hasScannedForEncodings = 0;
			knownRegions = (
				en,
				Base,
			);
			mainGroup = 816D93722300FADD00F04051;
			productRefGroup = 816D937C2300FADD00F04051 /* Products */;
			projectDirPath = "";
			projectRoot = "";
			targets = (
				816D937A2300FADD00F04051 /* Listz */,
			);
		};
/* End PBXProject section */

/* Begin PBXResourcesBuildPhase section */
		816D93792300FADD00F04051 /* Resources */ = {
			isa = PBXResourcesBuildPhase;
			buildActionMask = 2147483647;
			files = (
				816D93892300FADD00F04051 /* LaunchScreen.storyboard in Resources */,
				816D93862300FADD00F04051 /* Assets.xcassets in Resources */,
				816D93842300FADD00F04051 /* Main.storyboard in Resources */,
			);
			runOnlyForDeploymentPostprocessing = 0;
		};
/* End PBXResourcesBuildPhase section */

/* Begin PBXShellScriptBuildPhase section */
		9D8A7EC6C170ADE9804CC37F /* [CP] Embed Pods Frameworks */ = {
			isa = PBXShellScriptBuildPhase;
			buildActionMask = 2147483647;
			files = (
			);
			inputFileListPaths = (
				"${PODS_ROOT}/Target Support Files/Pods-Listz/Pods-Listz-frameworks-${CONFIGURATION}-input-files.xcfilelist",
			);
			name = "[CP] Embed Pods Frameworks";
			outputFileListPaths = (
				"${PODS_ROOT}/Target Support Files/Pods-Listz/Pods-Listz-frameworks-${CONFIGURATION}-output-files.xcfilelist",
			);
			runOnlyForDeploymentPostprocessing = 0;
			shellPath = /bin/sh;
			shellScript = "\"${PODS_ROOT}/Target Support Files/Pods-Listz/Pods-Listz-frameworks.sh\"\n";
			showEnvVarsInLog = 0;
		};
		B77FC7247B814763EBB9E4EC /* [CP] Check Pods Manifest.lock */ = {
			isa = PBXShellScriptBuildPhase;
			buildActionMask = 2147483647;
			files = (
			);
			inputFileListPaths = (
			);
			inputPaths = (
				"${PODS_PODFILE_DIR_PATH}/Podfile.lock",
				"${PODS_ROOT}/Manifest.lock",
			);
			name = "[CP] Check Pods Manifest.lock";
			outputFileListPaths = (
			);
			outputPaths = (
				"$(DERIVED_FILE_DIR)/Pods-Listz-checkManifestLockResult.txt",
			);
			runOnlyForDeploymentPostprocessing = 0;
			shellPath = /bin/sh;
			shellScript = "diff \"${PODS_PODFILE_DIR_PATH}/Podfile.lock\" \"${PODS_ROOT}/Manifest.lock\" > /dev/null\nif [ $? != 0 ] ; then\n    # print error to STDERR\n    echo \"error: The sandbox is not in sync with the Podfile.lock. Run 'pod install' or update your CocoaPods installation.\" >&2\n    exit 1\nfi\n# This output is used by Xcode 'outputs' to avoid re-running this script phase.\necho \"SUCCESS\" > \"${SCRIPT_OUTPUT_FILE_0}\"\n";
			showEnvVarsInLog = 0;
		};
/* End PBXShellScriptBuildPhase section */

/* Begin PBXSourcesBuildPhase section */
		816D93772300FADD00F04051 /* Sources */ = {
			isa = PBXSourcesBuildPhase;
			buildActionMask = 2147483647;
			files = (
				8128099223078E560065A2E4 /* CategoryViewController.swift in Sources */,
				813C85BE2314AEB500D6ADD9 /* Category.swift in Sources */,
				816D93812300FADD00F04051 /* ListzViewController.swift in Sources */,
				813C85C02314AEC000D6ADD9 /* Item.swift in Sources */,
				816D937F2300FADD00F04051 /* AppDelegate.swift in Sources */,
			);
			runOnlyForDeploymentPostprocessing = 0;
		};
/* End PBXSourcesBuildPhase section */

/* Begin PBXVariantGroup section */
		816D93822300FADD00F04051 /* Main.storyboard */ = {
			isa = PBXVariantGroup;
			children = (
				816D93832300FADD00F04051 /* Base */,
			);
			name = Main.storyboard;
			sourceTree = "<group>";
		};
		816D93872300FADD00F04051 /* LaunchScreen.storyboard */ = {
			isa = PBXVariantGroup;
			children = (
				816D93882300FADD00F04051 /* Base */,
			);
			name = LaunchScreen.storyboard;
			sourceTree = "<group>";
		};
/* End PBXVariantGroup section */

/* Begin XCBuildConfiguration section */
		816D938B2300FADD00F04051 /* Debug */ = {
			isa = XCBuildConfiguration;
			buildSettings = {
				ALWAYS_SEARCH_USER_PATHS = NO;
				CLANG_ANALYZER_NONNULL = YES;
				CLANG_ANALYZER_NUMBER_OBJECT_CONVERSION = YES_AGGRESSIVE;
				CLANG_CXX_LANGUAGE_STANDARD = "gnu++14";
				CLANG_CXX_LIBRARY = "libc++";
				CLANG_ENABLE_MODULES = YES;
				CLANG_ENABLE_OBJC_ARC = YES;
				CLANG_ENABLE_OBJC_WEAK = YES;
				CLANG_WARN_BLOCK_CAPTURE_AUTORELEASING = YES;
				CLANG_WARN_BOOL_CONVERSION = YES;
				CLANG_WARN_COMMA = YES;
				CLANG_WARN_CONSTANT_CONVERSION = YES;
				CLANG_WARN_DEPRECATED_OBJC_IMPLEMENTATIONS = YES;
				CLANG_WARN_DIRECT_OBJC_ISA_USAGE = YES_ERROR;
				CLANG_WARN_DOCUMENTATION_COMMENTS = YES;
				CLANG_WARN_EMPTY_BODY = YES;
				CLANG_WARN_ENUM_CONVERSION = YES;
				CLANG_WARN_INFINITE_RECURSION = YES;
				CLANG_WARN_INT_CONVERSION = YES;
				CLANG_WARN_NON_LITERAL_NULL_CONVERSION = YES;
				CLANG_WARN_OBJC_IMPLICIT_RETAIN_SELF = YES;
				CLANG_WARN_OBJC_LITERAL_CONVERSION = YES;
				CLANG_WARN_OBJC_ROOT_CLASS = YES_ERROR;
				CLANG_WARN_RANGE_LOOP_ANALYSIS = YES;
				CLANG_WARN_STRICT_PROTOTYPES = YES;
				CLANG_WARN_SUSPICIOUS_MOVE = YES;
				CLANG_WARN_UNGUARDED_AVAILABILITY = YES_AGGRESSIVE;
				CLANG_WARN_UNREACHABLE_CODE = YES;
				CLANG_WARN__DUPLICATE_METHOD_MATCH = YES;
				CODE_SIGN_IDENTITY = "iPhone Developer";
				COPY_PHASE_STRIP = NO;
				DEBUG_INFORMATION_FORMAT = dwarf;
				ENABLE_STRICT_OBJC_MSGSEND = YES;
				ENABLE_TESTABILITY = YES;
				GCC_C_LANGUAGE_STANDARD = gnu11;
				GCC_DYNAMIC_NO_PIC = NO;
				GCC_NO_COMMON_BLOCKS = YES;
				GCC_OPTIMIZATION_LEVEL = 0;
				GCC_PREPROCESSOR_DEFINITIONS = (
					"DEBUG=1",
					"$(inherited)",
				);
				GCC_WARN_64_TO_32_BIT_CONVERSION = YES;
				GCC_WARN_ABOUT_RETURN_TYPE = YES_ERROR;
				GCC_WARN_UNDECLARED_SELECTOR = YES;
				GCC_WARN_UNINITIALIZED_AUTOS = YES_AGGRESSIVE;
				GCC_WARN_UNUSED_FUNCTION = YES;
				GCC_WARN_UNUSED_VARIABLE = YES;
				IPHONEOS_DEPLOYMENT_TARGET = 12.4;
				MTL_ENABLE_DEBUG_INFO = INCLUDE_SOURCE;
				MTL_FAST_MATH = YES;
				ONLY_ACTIVE_ARCH = YES;
				SDKROOT = iphoneos;
				SWIFT_ACTIVE_COMPILATION_CONDITIONS = DEBUG;
				SWIFT_OPTIMIZATION_LEVEL = "-Onone";
			};
			name = Debug;
		};
		816D938C2300FADD00F04051 /* Release */ = {
			isa = XCBuildConfiguration;
			buildSettings = {
				ALWAYS_SEARCH_USER_PATHS = NO;
				CLANG_ANALYZER_NONNULL = YES;
				CLANG_ANALYZER_NUMBER_OBJECT_CONVERSION = YES_AGGRESSIVE;
				CLANG_CXX_LANGUAGE_STANDARD = "gnu++14";
				CLANG_CXX_LIBRARY = "libc++";
				CLANG_ENABLE_MODULES = YES;
				CLANG_ENABLE_OBJC_ARC = YES;
				CLANG_ENABLE_OBJC_WEAK = YES;
				CLANG_WARN_BLOCK_CAPTURE_AUTORELEASING = YES;
				CLANG_WARN_BOOL_CONVERSION = YES;
				CLANG_WARN_COMMA = YES;
				CLANG_WARN_CONSTANT_CONVERSION = YES;
				CLANG_WARN_DEPRECATED_OBJC_IMPLEMENTATIONS = YES;
				CLANG_WARN_DIRECT_OBJC_ISA_USAGE = YES_ERROR;
				CLANG_WARN_DOCUMENTATION_COMMENTS = YES;
				CLANG_WARN_EMPTY_BODY = YES;
				CLANG_WARN_ENUM_CONVERSION = YES;
				CLANG_WARN_INFINITE_RECURSION = YES;
				CLANG_WARN_INT_CONVERSION = YES;
				CLANG_WARN_NON_LITERAL_NULL_CONVERSION = YES;
				CLANG_WARN_OBJC_IMPLICIT_RETAIN_SELF = YES;
				CLANG_WARN_OBJC_LITERAL_CONVERSION = YES;
				CLANG_WARN_OBJC_ROOT_CLASS = YES_ERROR;
				CLANG_WARN_RANGE_LOOP_ANALYSIS = YES;
				CLANG_WARN_STRICT_PROTOTYPES = YES;
				CLANG_WARN_SUSPICIOUS_MOVE = YES;
				CLANG_WARN_UNGUARDED_AVAILABILITY = YES_AGGRESSIVE;
				CLANG_WARN_UNREACHABLE_CODE = YES;
				CLANG_WARN__DUPLICATE_METHOD_MATCH = YES;
				CODE_SIGN_IDENTITY = "iPhone Developer";
				COPY_PHASE_STRIP = NO;
				DEBUG_INFORMATION_FORMAT = "dwarf-with-dsym";
				ENABLE_NS_ASSERTIONS = NO;
				ENABLE_STRICT_OBJC_MSGSEND = YES;
				GCC_C_LANGUAGE_STANDARD = gnu11;
				GCC_NO_COMMON_BLOCKS = YES;
				GCC_WARN_64_TO_32_BIT_CONVERSION = YES;
				GCC_WARN_ABOUT_RETURN_TYPE = YES_ERROR;
				GCC_WARN_UNDECLARED_SELECTOR = YES;
				GCC_WARN_UNINITIALIZED_AUTOS = YES_AGGRESSIVE;
				GCC_WARN_UNUSED_FUNCTION = YES;
				GCC_WARN_UNUSED_VARIABLE = YES;
				IPHONEOS_DEPLOYMENT_TARGET = 12.4;
				MTL_ENABLE_DEBUG_INFO = NO;
				MTL_FAST_MATH = YES;
				SDKROOT = iphoneos;
				SWIFT_COMPILATION_MODE = wholemodule;
				SWIFT_OPTIMIZATION_LEVEL = "-O";
				VALIDATE_PRODUCT = YES;
			};
			name = Release;
		};
		816D938E2300FADD00F04051 /* Debug */ = {
			isa = XCBuildConfiguration;
			baseConfigurationReference = 671500F6E83BFEF2774FABA6 /* Pods-Listz.debug.xcconfig */;
			buildSettings = {
				ASSETCATALOG_COMPILER_APPICON_NAME = AppIcon;
				CODE_SIGN_STYLE = Automatic;
				DEVELOPMENT_TEAM = GFR8MNQTS4;
				INFOPLIST_FILE = Listz/Info.plist;
				LD_RUNPATH_SEARCH_PATHS = (
					"$(inherited)",
					"@executable_path/Frameworks",
				);
				PRODUCT_BUNDLE_IDENTIFIER = com.rrahut.Listz;
				PRODUCT_NAME = "$(TARGET_NAME)";
				SWIFT_VERSION = 5.0;
				TARGETED_DEVICE_FAMILY = "1,2";
			};
			name = Debug;
		};
		816D938F2300FADD00F04051 /* Release */ = {
			isa = XCBuildConfiguration;
			baseConfigurationReference = B3FAC3C3C6C884A437FB7B1D /* Pods-Listz.release.xcconfig */;
			buildSettings = {
				ASSETCATALOG_COMPILER_APPICON_NAME = AppIcon;
				CODE_SIGN_STYLE = Automatic;
				DEVELOPMENT_TEAM = GFR8MNQTS4;
				INFOPLIST_FILE = Listz/Info.plist;
				LD_RUNPATH_SEARCH_PATHS = (
					"$(inherited)",
					"@executable_path/Frameworks",
				);
				PRODUCT_BUNDLE_IDENTIFIER = com.rrahut.Listz;
				PRODUCT_NAME = "$(TARGET_NAME)";
				SWIFT_VERSION = 5.0;
				TARGETED_DEVICE_FAMILY = "1,2";
			};
			name = Release;
		};
/* End XCBuildConfiguration section */

/* Begin XCConfigurationList section */
		816D93762300FADD00F04051 /* Build configuration list for PBXProject "Listz" */ = {
			isa = XCConfigurationList;
			buildConfigurations = (
				816D938B2300FADD00F04051 /* Debug */,
				816D938C2300FADD00F04051 /* Release */,
			);
			defaultConfigurationIsVisible = 0;
			defaultConfigurationName = Release;
		};
		816D938D2300FADD00F04051 /* Build configuration list for PBXNativeTarget "Listz" */ = {
			isa = XCConfigurationList;
			buildConfigurations = (
				816D938E2300FADD00F04051 /* Debug */,
				816D938F2300FADD00F04051 /* Release */,
			);
			defaultConfigurationIsVisible = 0;
			defaultConfigurationName = Release;
		};
/* End XCConfigurationList section */
	};
	rootObject = 816D93732300FADD00F04051 /* Project object */;
}
